{
  "version": 4,
  "terraform_version": "1.4.6",
  "serial": 129,
  "lineage": "70b0bf01-3050-c06f-8d60-6738c65a1d4b",
  "outputs": {
    "eip_ip": {
      "value": "54.232.106.60",
      "type": "string"
    },
    "instance_ip": {
      "value": "18.230.85.118",
      "type": "string"
    },
    "ssh": {
      "value": "ssh -l ubuntu 54.232.106.60",
      "type": "string"
    },
    "url": {
      "value": "http://54.232.106.60/",
      "type": "string"
    }
  },
  "resources": [
    {
      "mode": "data",
      "type": "aws_ami",
      "name": "ubuntu",
      "provider": "provider[\"registry.terraform.io/hashicorp/aws\"]",
      "instances": [
        {
          "schema_version": 0,
          "attributes": {
            "architecture": "x86_64",
            "arn": "arn:aws:ec2:sa-east-1::image/ami-0ac6b9321493324ee",
            "block_device_mappings": [
              {
                "device_name": "/dev/sda1",
                "ebs": {
                  "delete_on_termination": "true",
                  "encrypted": "false",
                  "iops": "0",
                  "snapshot_id": "snap-07f6b774382103c65",
                  "throughput": "0",
                  "volume_size": "8",
                  "volume_type": "gp2"
                },
                "no_device": "",
                "virtual_name": ""
              },
              {
                "device_name": "/dev/sdb",
                "ebs": {},
                "no_device": "",
                "virtual_name": "ephemeral0"
              },
              {
                "device_name": "/dev/sdc",
                "ebs": {},
                "no_device": "",
                "virtual_name": "ephemeral1"
              }
            ],
            "boot_mode": "legacy-bios",
            "creation_date": "2023-05-02T23:08:59.000Z",
            "deprecation_time": "2025-05-02T23:08:59.000Z",
            "description": "Canonical, Ubuntu, 20.04 LTS, amd64 focal image build on 2023-05-02",
            "ena_support": true,
            "executable_users": null,
            "filter": [
              {
                "name": "name",
                "values": [
                  "ubuntu/images/hvm-ssd/ubuntu-focal-20.04-amd64-server-*"
                ]
              },
              {
                "name": "virtualization-type",
                "values": [
                  "hvm"
                ]
              }
            ],
            "hypervisor": "xen",
            "id": "ami-0ac6b9321493324ee",
            "image_id": "ami-0ac6b9321493324ee",
            "image_location": "amazon/ubuntu/images/hvm-ssd/ubuntu-focal-20.04-amd64-server-20230502",
            "image_owner_alias": "amazon",
            "image_type": "machine",
            "imds_support": "",
            "include_deprecated": false,
            "kernel_id": "",
            "most_recent": true,
            "name": "ubuntu/images/hvm-ssd/ubuntu-focal-20.04-amd64-server-20230502",
            "name_regex": null,
            "owner_id": "099720109477",
            "owners": [
              "099720109477"
            ],
            "platform": "",
            "platform_details": "Linux/UNIX",
            "product_codes": [],
            "public": true,
            "ramdisk_id": "",
            "root_device_name": "/dev/sda1",
            "root_device_type": "ebs",
            "root_snapshot_id": "snap-07f6b774382103c65",
            "sriov_net_support": "simple",
            "state": "available",
            "state_reason": {
              "code": "UNSET",
              "message": "UNSET"
            },
            "tags": {},
            "timeouts": null,
            "tpm_support": "",
            "usage_operation": "RunInstances",
            "virtualization_type": "hvm"
          },
          "sensitive_attributes": []
        }
      ]
    },
    {
      "mode": "data",
      "type": "template_file",
      "name": "userdata",
      "provider": "provider[\"registry.terraform.io/hashicorp/template\"]",
      "instances": [
        {
          "schema_version": 0,
          "attributes": {
            "filename": null,
            "id": "63192f924ee387e3ccc193682f60e9a399a071e2a5681d63d2f43575a69022a4",
            "rendered": "#!/usr/bin/env bash\nset -x\nexec \u003e \u003e(tee /var/log/user-data.log|logger -t user-data -s 2\u003e/dev/console) 2\u003e\u00261\nexport PATH=\"$PATH:/usr/bin\"\nsudo apt -y update\nsudo apt -y install git\nsudo apt -y install apt-transport-https ca-certificates curl software-properties-common\ncurl -fsSL https://download.docker.com/linux/ubuntu/gpg | sudo apt-key add -\nsudo add-apt-repository \"deb [arch=amd64] https://download.docker.com/linux/ubuntu $(lsb_release -cs) stable\"\nsudo apt -y update\nsudo apt -y install docker-ce\nsudo mkfs -t xfs /dev/xvdc\nsudo mkdir /mnt/wpp_event_volume\nsudo mount /dev/xvdc /mnt/wpp_event_volume\necho \"/dev/xvdc  /mnt/wpp_event_volume    xfs   defaults 0 2\" \u003e\u003e /etc/fstab\ncd /mnt/wpp_event_volume\nsudo chmod 777 .\ngit clone https://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@github.com/gonzalormonja/wppEventHandler.git\nmv wppEventHandler/* .\nsudo echo '\nPOSTGRES_PORT=\"5432\"\nPOSTGRES_HOST=\"wpp_bot_event_booking_database\"\nPOSTGRES_DB = \"wpp_bot_event_booking_database\"\nPOSTGRES_USER = \"root\"\nPOSTGRES_PASSWORD = \"root\"\nSERVER_PORT=3000\nJWT_REFRESH_SECRET=\"secretKey\"\n' \u003e\u003e .env\nsudo chown $USER /var/run/docker.sock\ndocker compose up -d \n",
            "template": "#!/usr/bin/env bash\nset -x\nexec \u003e \u003e(tee /var/log/user-data.log|logger -t user-data -s 2\u003e/dev/console) 2\u003e\u00261\nexport PATH=\"$PATH:/usr/bin\"\nsudo apt -y update\nsudo apt -y install git\nsudo apt -y install apt-transport-https ca-certificates curl software-properties-common\ncurl -fsSL https://download.docker.com/linux/ubuntu/gpg | sudo apt-key add -\nsudo add-apt-repository \"deb [arch=amd64] https://download.docker.com/linux/ubuntu $(lsb_release -cs) stable\"\nsudo apt -y update\nsudo apt -y install docker-ce\nsudo mkfs -t xfs /dev/xvdc\nsudo mkdir /mnt/wpp_event_volume\nsudo mount /dev/xvdc /mnt/wpp_event_volume\necho \"/dev/xvdc  /mnt/wpp_event_volume    xfs   defaults 0 2\" \u003e\u003e /etc/fstab\ncd /mnt/wpp_event_volume\nsudo chmod 777 .\ngit clone https://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@github.com/gonzalormonja/wppEventHandler.git\nmv wppEventHandler/* .\nsudo echo '\nPOSTGRES_PORT=\"5432\"\nPOSTGRES_HOST=\"wpp_bot_event_booking_database\"\nPOSTGRES_DB = \"wpp_bot_event_booking_database\"\nPOSTGRES_USER = \"root\"\nPOSTGRES_PASSWORD = \"root\"\nSERVER_PORT=3000\nJWT_REFRESH_SECRET=\"secretKey\"\n' \u003e\u003e .env\nsudo chown $USER /var/run/docker.sock\ndocker compose up -d \n",
            "vars": null
          },
          "sensitive_attributes": []
        }
      ]
    },
    {
      "mode": "managed",
      "type": "aws_ebs_volume",
      "name": "api",
      "provider": "provider[\"registry.terraform.io/hashicorp/aws\"]",
      "instances": [
        {
          "schema_version": 0,
          "attributes": {
            "arn": "arn:aws:ec2:sa-east-1:042070713889:volume/vol-0734d934b33ad7cfb",
            "availability_zone": "sa-east-1a",
            "encrypted": true,
            "final_snapshot": false,
            "id": "vol-0734d934b33ad7cfb",
            "iops": 3000,
            "kms_key_id": "arn:aws:kms:sa-east-1:042070713889:key/cbcc771a-482c-4d6a-bba7-bad4a5d99285",
            "multi_attach_enabled": false,
            "outpost_arn": "",
            "size": 4,
            "snapshot_id": "",
            "tags": {
              "Name": "wppEvent-database-ebs"
            },
            "tags_all": {
              "Name": "wppEvent-database-ebs"
            },
            "throughput": 125,
            "timeouts": null,
            "type": "gp3"
          },
          "sensitive_attributes": [],
          "private": "eyJlMmJmYjczMC1lY2FhLTExZTYtOGY4OC0zNDM2M2JjN2M0YzAiOnsiY3JlYXRlIjozMDAwMDAwMDAwMDAsImRlbGV0ZSI6MzAwMDAwMDAwMDAwLCJ1cGRhdGUiOjMwMDAwMDAwMDAwMH19"
        }
      ]
    },
    {
      "mode": "managed",
      "type": "aws_eip",
      "name": "eip",
      "provider": "provider[\"registry.terraform.io/hashicorp/aws\"]",
      "instances": [
        {
          "schema_version": 0,
          "attributes": {
            "address": null,
            "allocation_id": "eipalloc-08b499cf2357d439c",
            "associate_with_private_ip": null,
            "association_id": "eipassoc-0a9b20a3b9ceb7301",
            "carrier_ip": "",
            "customer_owned_ip": "",
            "customer_owned_ipv4_pool": "",
            "domain": "vpc",
            "id": "eipalloc-08b499cf2357d439c",
            "instance": "i-0514e9f5ddcb650bf",
            "network_border_group": "sa-east-1",
            "network_interface": "eni-020fade494ce86d17",
            "private_dns": "ip-172-31-1-154.sa-east-1.compute.internal",
            "private_ip": "172.31.1.154",
            "public_dns": "ec2-54-232-106-60.sa-east-1.compute.amazonaws.com",
            "public_ip": "54.232.106.60",
            "public_ipv4_pool": "amazon",
            "tags": {
              "Name": "wppEvent-api-epi"
            },
            "tags_all": {
              "Name": "wppEvent-api-epi"
            },
            "timeouts": null,
            "vpc": true
          },
          "sensitive_attributes": [],
          "private": "eyJlMmJmYjczMC1lY2FhLTExZTYtOGY4OC0zNDM2M2JjN2M0YzAiOnsiZGVsZXRlIjoxODAwMDAwMDAwMDAsInJlYWQiOjkwMDAwMDAwMDAwMCwidXBkYXRlIjozMDAwMDAwMDAwMDB9fQ==",
          "dependencies": [
            "aws_instance.api",
            "aws_key_pair.deployer-key",
            "aws_security_group.allow_api",
            "aws_security_group.allow_ssh",
            "data.aws_ami.ubuntu",
            "data.template_file.userdata"
          ]
        }
      ]
    },
    {
      "mode": "managed",
      "type": "aws_instance",
      "name": "api",
      "provider": "provider[\"registry.terraform.io/hashicorp/aws\"]",
      "instances": [
        {
          "schema_version": 1,
          "attributes": {
            "ami": "ami-0ac6b9321493324ee",
            "arn": "arn:aws:ec2:sa-east-1:042070713889:instance/i-0514e9f5ddcb650bf",
            "associate_public_ip_address": true,
            "availability_zone": "sa-east-1a",
            "capacity_reservation_specification": [
              {
                "capacity_reservation_preference": "open",
                "capacity_reservation_target": []
              }
            ],
            "cpu_core_count": 1,
            "cpu_options": [
              {
                "amd_sev_snp": "",
                "core_count": 1,
                "threads_per_core": 1
              }
            ],
            "cpu_threads_per_core": 1,
            "credit_specification": [
              {
                "cpu_credits": "standard"
              }
            ],
            "disable_api_stop": false,
            "disable_api_termination": false,
            "ebs_block_device": [],
            "ebs_optimized": false,
            "enclave_options": [
              {
                "enabled": false
              }
            ],
            "ephemeral_block_device": [],
            "get_password_data": false,
            "hibernation": false,
            "host_id": "",
            "host_resource_group_arn": null,
            "iam_instance_profile": "",
            "id": "i-0514e9f5ddcb650bf",
            "instance_initiated_shutdown_behavior": "stop",
            "instance_state": "running",
            "instance_type": "t2.micro",
            "ipv6_address_count": 0,
            "ipv6_addresses": [],
            "key_name": "wppEvent-deployer-key",
            "launch_template": [],
            "maintenance_options": [
              {
                "auto_recovery": "default"
              }
            ],
            "metadata_options": [
              {
                "http_endpoint": "enabled",
                "http_put_response_hop_limit": 1,
                "http_tokens": "optional",
                "instance_metadata_tags": "disabled"
              }
            ],
            "monitoring": false,
            "network_interface": [],
            "outpost_arn": "",
            "password_data": "",
            "placement_group": "",
            "placement_partition_number": 0,
            "primary_network_interface_id": "eni-020fade494ce86d17",
            "private_dns": "ip-172-31-1-154.sa-east-1.compute.internal",
            "private_dns_name_options": [
              {
                "enable_resource_name_dns_a_record": false,
                "enable_resource_name_dns_aaaa_record": false,
                "hostname_type": "ip-name"
              }
            ],
            "private_ip": "172.31.1.154",
            "public_dns": "ec2-18-230-85-118.sa-east-1.compute.amazonaws.com",
            "public_ip": "18.230.85.118",
            "root_block_device": [
              {
                "delete_on_termination": true,
                "device_name": "/dev/sda1",
                "encrypted": false,
                "iops": 100,
                "kms_key_id": "",
                "tags": {},
                "throughput": 0,
                "volume_id": "vol-05fa89888273f5c69",
                "volume_size": 8,
                "volume_type": "gp2"
              }
            ],
            "secondary_private_ips": [],
            "security_groups": [
              "allow_api",
              "terraform-20230517013840605100000002"
            ],
            "source_dest_check": true,
            "subnet_id": "subnet-07e293dc3af741fb0",
            "tags": {
              "Name": "wppEvent-api-instance"
            },
            "tags_all": {
              "Name": "wppEvent-api-instance"
            },
            "tenancy": "default",
            "timeouts": null,
            "user_data": "e4acd128a694d9a62af93029d1bb68bb3af4c605",
            "user_data_base64": null,
            "user_data_replace_on_change": false,
            "volume_tags": null,
            "vpc_security_group_ids": [
              "sg-03a291d1adc6766eb",
              "sg-05bca6e2f4211deec"
            ]
          },
          "sensitive_attributes": [],
          "private": "eyJlMmJmYjczMC1lY2FhLTExZTYtOGY4OC0zNDM2M2JjN2M0YzAiOnsiY3JlYXRlIjo2MDAwMDAwMDAwMDAsImRlbGV0ZSI6MTIwMDAwMDAwMDAwMCwidXBkYXRlIjo2MDAwMDAwMDAwMDB9LCJzY2hlbWFfdmVyc2lvbiI6IjEifQ==",
          "dependencies": [
            "aws_key_pair.deployer-key",
            "aws_security_group.allow_api",
            "aws_security_group.allow_ssh",
            "data.aws_ami.ubuntu",
            "data.template_file.userdata"
          ]
        }
      ]
    },
    {
      "mode": "managed",
      "type": "aws_key_pair",
      "name": "deployer-key",
      "provider": "provider[\"registry.terraform.io/hashicorp/aws\"]",
      "instances": [
        {
          "schema_version": 1,
          "attributes": {
            "arn": "arn:aws:ec2:sa-east-1:042070713889:key-pair/wppEvent-deployer-key",
            "fingerprint": "17:a6:32:d2:49:58:de:95:44:73:e8:8a:ef:4c:0d:b0",
            "id": "wppEvent-deployer-key",
            "key_name": "wppEvent-deployer-key",
            "key_name_prefix": "",
            "key_pair_id": "key-0849fbb3897b77446",
            "key_type": "rsa",
            "public_key": "ssh-rsa AAAAB3NzaC1yc2EAAAADAQABAAABgQCkSHIG5sEzm7sZPtLP8QxmxPeUEd9Djkc5ZyHLFKlxliABHPbzkk7bX75fRP2E28PWq0U+m7vm6EVdlV9/w59hHnB8VrU1WC1ZSv8HogaUA5cog+2rI0xf95FwKn6uy2uc27u3B1ayV1q9UI9M19xnQ8OsZcpnksNuItZZb0+MLzMvUe4ohadWixZhS5vVvyE88Gjoku5+myYBa5QdDNzzp1peyn+7cbgPR0oZy7QUPvfmnOTaI/GhZb7XxPkJ8LpMPcTinV9MUNrCRKNXKd4+EXQr4Hqt4rZ2zFWBL7mzeJzstL8j+gGLRsZtcM17pd0a8deJrQr5ryIK3b5293Sl87P5CbW9zyrrst48iEiWxudz5NfTfS/3FwexipyYTQpdvJ7ACIEJImob/aigOp3gaWYJWuU6EPI7B6t0WjhzhrYyRkzxfiiy6UOThqIixtx8Lem28pNVOvclKXKDGWM/IBuvLdyxVz+1XEI+0Wu+3Qjkx0nq3LgNw+nCWHsY65k= gonzalo@gonzalo-Lenovo-V15-IIL",
            "tags": null,
            "tags_all": {}
          },
          "sensitive_attributes": [],
          "private": "eyJzY2hlbWFfdmVyc2lvbiI6IjEifQ=="
        }
      ]
    },
    {
      "mode": "managed",
      "type": "aws_security_group",
      "name": "allow_api",
      "provider": "provider[\"registry.terraform.io/hashicorp/aws\"]",
      "instances": [
        {
          "schema_version": 1,
          "attributes": {
            "arn": "arn:aws:ec2:sa-east-1:042070713889:security-group/sg-03a291d1adc6766eb",
            "description": "allow port 3000",
            "egress": [
              {
                "cidr_blocks": [
                  "0.0.0.0/0"
                ],
                "description": "",
                "from_port": 0,
                "ipv6_cidr_blocks": [],
                "prefix_list_ids": [],
                "protocol": "-1",
                "security_groups": [],
                "self": false,
                "to_port": 0
              }
            ],
            "id": "sg-03a291d1adc6766eb",
            "ingress": [
              {
                "cidr_blocks": [
                  "0.0.0.0/0"
                ],
                "description": "Api from VPC",
                "from_port": 3000,
                "ipv6_cidr_blocks": [],
                "prefix_list_ids": [],
                "protocol": "tcp",
                "security_groups": [],
                "self": false,
                "to_port": 3000
              }
            ],
            "name": "allow_api",
            "name_prefix": "",
            "owner_id": "042070713889",
            "revoke_rules_on_delete": false,
            "tags": {
              "Name": "allow_api"
            },
            "tags_all": {
              "Name": "allow_api"
            },
            "timeouts": null,
            "vpc_id": "vpc-0021634edfe997455"
          },
          "sensitive_attributes": [],
          "private": "eyJlMmJmYjczMC1lY2FhLTExZTYtOGY4OC0zNDM2M2JjN2M0YzAiOnsiY3JlYXRlIjo2MDAwMDAwMDAwMDAsImRlbGV0ZSI6OTAwMDAwMDAwMDAwfSwic2NoZW1hX3ZlcnNpb24iOiIxIn0="
        }
      ]
    },
    {
      "mode": "managed",
      "type": "aws_security_group",
      "name": "allow_ssh",
      "provider": "provider[\"registry.terraform.io/hashicorp/aws\"]",
      "instances": [
        {
          "schema_version": 1,
          "attributes": {
            "arn": "arn:aws:ec2:sa-east-1:042070713889:security-group/sg-05bca6e2f4211deec",
            "description": "Managed by Terraform",
            "egress": [
              {
                "cidr_blocks": [
                  "0.0.0.0/0"
                ],
                "description": "",
                "from_port": 0,
                "ipv6_cidr_blocks": [],
                "prefix_list_ids": [],
                "protocol": "-1",
                "security_groups": [],
                "self": false,
                "to_port": 0
              }
            ],
            "id": "sg-05bca6e2f4211deec",
            "ingress": [
              {
                "cidr_blocks": [
                  "0.0.0.0/0"
                ],
                "description": "SSH from VPC",
                "from_port": 22,
                "ipv6_cidr_blocks": [],
                "prefix_list_ids": [],
                "protocol": "tcp",
                "security_groups": [],
                "self": false,
                "to_port": 22
              }
            ],
            "name": "terraform-20230517013840605100000002",
            "name_prefix": "terraform-",
            "owner_id": "042070713889",
            "revoke_rules_on_delete": false,
            "tags": {
              "Name": "allow_ssh"
            },
            "tags_all": {
              "Name": "allow_ssh"
            },
            "timeouts": null,
            "vpc_id": "vpc-0021634edfe997455"
          },
          "sensitive_attributes": [],
          "private": "eyJlMmJmYjczMC1lY2FhLTExZTYtOGY4OC0zNDM2M2JjN2M0YzAiOnsiY3JlYXRlIjo2MDAwMDAwMDAwMDAsImRlbGV0ZSI6OTAwMDAwMDAwMDAwfSwic2NoZW1hX3ZlcnNpb24iOiIxIn0="
        }
      ]
    },
    {
      "mode": "managed",
      "type": "aws_volume_attachment",
      "name": "api",
      "provider": "provider[\"registry.terraform.io/hashicorp/aws\"]",
      "instances": [
        {
          "schema_version": 0,
          "attributes": {
            "device_name": "/dev/xvdc",
            "force_detach": null,
            "id": "vai-772824469",
            "instance_id": "i-0514e9f5ddcb650bf",
            "skip_destroy": null,
            "stop_instance_before_detaching": null,
            "timeouts": null,
            "volume_id": "vol-0734d934b33ad7cfb"
          },
          "sensitive_attributes": [],
          "private": "eyJlMmJmYjczMC1lY2FhLTExZTYtOGY4OC0zNDM2M2JjN2M0YzAiOnsiY3JlYXRlIjozMDAwMDAwMDAwMDAsImRlbGV0ZSI6MzAwMDAwMDAwMDAwfX0=",
          "dependencies": [
            "aws_ebs_volume.api",
            "aws_instance.api",
            "aws_key_pair.deployer-key",
            "aws_security_group.allow_api",
            "aws_security_group.allow_ssh",
            "data.aws_ami.ubuntu",
            "data.template_file.userdata"
          ]
        }
      ]
    }
  ],
  "check_results": null
}
